
Microsoft Visual Studio Solution File, Format Version 12.00
# Visual Studio Version 17
VisualStudioVersion = 17.12.35707.178
MinimumVisualStudioVersion = 10.0.40219.1
Project("{FAE04EC0-301F-11D3-BF4B-00C04F79EFBC}") = "SimpleLib", "SimpleLib\SimpleLib.csproj", "{5DDFC985-C092-4A9C-9673-53A2FF11A874}"
EndProject
Project("{FAE04EC0-301F-11D3-BF4B-00C04F79EFBC}") = "SimpleEditor", "SimpleEditor\SimpleEditor.csproj", "{D2140910-B024-4F34-BA02-AA4D58F5035E}"
EndProject
Project("{FAE04EC0-301F-11D3-BF4B-00C04F79EFBC}") = "SimpleRHI", "SimpleRHI\SimpleRHI.csproj", "{1E0D8F25-4D54-4521-87F6-F82FE42D8906}"
EndProject
Project("{FAE04EC0-301F-11D3-BF4B-00C04F79EFBC}") = "SimpleRHI.D3D12", "SimpleRHI.D3D12\SimpleRHI.D3D12.csproj", "{40E29939-54C1-4FDE-9EC9-8EAB185BBA28}"
EndProject
Project("{FAE04EC0-301F-11D3-BF4B-00C04F79EFBC}") = "SimpleLib.dGUI", "SimpleLib.dGUI\SimpleLib.dGUI.csproj", "{62D311D0-299B-4DFB-ADBE-9892BDBAFE42}"
EndProject
Project("{2150E333-8FDC-42A3-9474-1A3956D46DE8}") = "Helpers", "Helpers", "{3DA40AB6-045C-4ECA-AACA-FDD295C70143}"
EndProject
Project("{FAE04EC0-301F-11D3-BF4B-00C04F79EFBC}") = "IMGUIFontAtlasGen", "IMGUIFontAtlasGen\IMGUIFontAtlasGen.csproj", "{0490ECBF-3100-4973-8282-486389B799EE}"
EndProject
Global
	GlobalSection(SolutionConfigurationPlatforms) = preSolution
		Debug|Any CPU = Debug|Any CPU
		Debug|x64 = Debug|x64
		Debug|x86 = Debug|x86
		Release|Any CPU = Release|Any CPU
		Release|x64 = Release|x64
		Release|x86 = Release|x86
	EndGlobalSection
	GlobalSection(ProjectConfigurationPlatforms) = postSolution
		{5DDFC985-C092-4A9C-9673-53A2FF11A874}.Debug|Any CPU.ActiveCfg = Debug|Any CPU
		{5DDFC985-C092-4A9C-9673-53A2FF11A874}.Debug|Any CPU.Build.0 = Debug|Any CPU
		{5DDFC985-C092-4A9C-9673-53A2FF11A874}.Debug|x64.ActiveCfg = Debug|x64
		{5DDFC985-C092-4A9C-9673-53A2FF11A874}.Debug|x64.Build.0 = Debug|x64
		{5DDFC985-C092-4A9C-9673-53A2FF11A874}.Debug|x86.ActiveCfg = Debug|Any CPU
		{5DDFC985-C092-4A9C-9673-53A2FF11A874}.Debug|x86.Build.0 = Debug|Any CPU
		{5DDFC985-C092-4A9C-9673-53A2FF11A874}.Release|Any CPU.ActiveCfg = Release|Any CPU
		{5DDFC985-C092-4A9C-9673-53A2FF11A874}.Release|Any CPU.Build.0 = Release|Any CPU
		{5DDFC985-C092-4A9C-9673-53A2FF11A874}.Release|x64.ActiveCfg = Release|x64
		{5DDFC985-C092-4A9C-9673-53A2FF11A874}.Release|x64.Build.0 = Release|x64
		{5DDFC985-C092-4A9C-9673-53A2FF11A874}.Release|x86.ActiveCfg = Release|Any CPU
		{5DDFC985-C092-4A9C-9673-53A2FF11A874}.Release|x86.Build.0 = Release|Any CPU
		{D2140910-B024-4F34-BA02-AA4D58F5035E}.Debug|Any CPU.ActiveCfg = Debug|Any CPU
		{D2140910-B024-4F34-BA02-AA4D58F5035E}.Debug|Any CPU.Build.0 = Debug|Any CPU
		{D2140910-B024-4F34-BA02-AA4D58F5035E}.Debug|x64.ActiveCfg = Debug|x64
		{D2140910-B024-4F34-BA02-AA4D58F5035E}.Debug|x64.Build.0 = Debug|x64
		{D2140910-B024-4F34-BA02-AA4D58F5035E}.Debug|x86.ActiveCfg = Debug|Any CPU
		{D2140910-B024-4F34-BA02-AA4D58F5035E}.Debug|x86.Build.0 = Debug|Any CPU
		{D2140910-B024-4F34-BA02-AA4D58F5035E}.Release|Any CPU.ActiveCfg = Release|Any CPU
		{D2140910-B024-4F34-BA02-AA4D58F5035E}.Release|Any CPU.Build.0 = Release|Any CPU
		{D2140910-B024-4F34-BA02-AA4D58F5035E}.Release|x64.ActiveCfg = Release|Any CPU
		{D2140910-B024-4F34-BA02-AA4D58F5035E}.Release|x64.Build.0 = Release|Any CPU
		{D2140910-B024-4F34-BA02-AA4D58F5035E}.Release|x86.ActiveCfg = Release|Any CPU
		{D2140910-B024-4F34-BA02-AA4D58F5035E}.Release|x86.Build.0 = Release|Any CPU
		{1E0D8F25-4D54-4521-87F6-F82FE42D8906}.Debug|Any CPU.ActiveCfg = Debug|x64
		{1E0D8F25-4D54-4521-87F6-F82FE42D8906}.Debug|Any CPU.Build.0 = Debug|x64
		{1E0D8F25-4D54-4521-87F6-F82FE42D8906}.Debug|x64.ActiveCfg = Debug|x64
		{1E0D8F25-4D54-4521-87F6-F82FE42D8906}.Debug|x64.Build.0 = Debug|x64
		{1E0D8F25-4D54-4521-87F6-F82FE42D8906}.Debug|x86.ActiveCfg = Debug|Any CPU
		{1E0D8F25-4D54-4521-87F6-F82FE42D8906}.Debug|x86.Build.0 = Debug|Any CPU
		{1E0D8F25-4D54-4521-87F6-F82FE42D8906}.Release|Any CPU.ActiveCfg = Release|Any CPU
		{1E0D8F25-4D54-4521-87F6-F82FE42D8906}.Release|Any CPU.Build.0 = Release|Any CPU
		{1E0D8F25-4D54-4521-87F6-F82FE42D8906}.Release|x64.ActiveCfg = Release|Any CPU
		{1E0D8F25-4D54-4521-87F6-F82FE42D8906}.Release|x64.Build.0 = Release|Any CPU
		{1E0D8F25-4D54-4521-87F6-F82FE42D8906}.Release|x86.ActiveCfg = Release|Any CPU
		{1E0D8F25-4D54-4521-87F6-F82FE42D8906}.Release|x86.Build.0 = Release|Any CPU
		{40E29939-54C1-4FDE-9EC9-8EAB185BBA28}.Debug|Any CPU.ActiveCfg = Debug|x64
		{40E29939-54C1-4FDE-9EC9-8EAB185BBA28}.Debug|Any CPU.Build.0 = Debug|x64
		{40E29939-54C1-4FDE-9EC9-8EAB185BBA28}.Debug|x64.ActiveCfg = Debug|x64
		{40E29939-54C1-4FDE-9EC9-8EAB185BBA28}.Debug|x64.Build.0 = Debug|x64
		{40E29939-54C1-4FDE-9EC9-8EAB185BBA28}.Debug|x86.ActiveCfg = Debug|Any CPU
		{40E29939-54C1-4FDE-9EC9-8EAB185BBA28}.Debug|x86.Build.0 = Debug|Any CPU
		{40E29939-54C1-4FDE-9EC9-8EAB185BBA28}.Release|Any CPU.ActiveCfg = Release|Any CPU
		{40E29939-54C1-4FDE-9EC9-8EAB185BBA28}.Release|Any CPU.Build.0 = Release|Any CPU
		{40E29939-54C1-4FDE-9EC9-8EAB185BBA28}.Release|x64.ActiveCfg = Release|Any CPU
		{40E29939-54C1-4FDE-9EC9-8EAB185BBA28}.Release|x64.Build.0 = Release|Any CPU
		{40E29939-54C1-4FDE-9EC9-8EAB185BBA28}.Release|x86.ActiveCfg = Release|Any CPU
		{40E29939-54C1-4FDE-9EC9-8EAB185BBA28}.Release|x86.Build.0 = Release|Any CPU
		{62D311D0-299B-4DFB-ADBE-9892BDBAFE42}.Debug|Any CPU.ActiveCfg = Debug|x64
		{62D311D0-299B-4DFB-ADBE-9892BDBAFE42}.Debug|Any CPU.Build.0 = Debug|x64
		{62D311D0-299B-4DFB-ADBE-9892BDBAFE42}.Debug|x64.ActiveCfg = Debug|x64
		{62D311D0-299B-4DFB-ADBE-9892BDBAFE42}.Debug|x64.Build.0 = Debug|x64
		{62D311D0-299B-4DFB-ADBE-9892BDBAFE42}.Debug|x86.ActiveCfg = Debug|Any CPU
		{62D311D0-299B-4DFB-ADBE-9892BDBAFE42}.Debug|x86.Build.0 = Debug|Any CPU
		{62D311D0-299B-4DFB-ADBE-9892BDBAFE42}.Release|Any CPU.ActiveCfg = Release|Any CPU
		{62D311D0-299B-4DFB-ADBE-9892BDBAFE42}.Release|Any CPU.Build.0 = Release|Any CPU
		{62D311D0-299B-4DFB-ADBE-9892BDBAFE42}.Release|x64.ActiveCfg = Release|Any CPU
		{62D311D0-299B-4DFB-ADBE-9892BDBAFE42}.Release|x64.Build.0 = Release|Any CPU
		{62D311D0-299B-4DFB-ADBE-9892BDBAFE42}.Release|x86.ActiveCfg = Release|Any CPU
		{62D311D0-299B-4DFB-ADBE-9892BDBAFE42}.Release|x86.Build.0 = Release|Any CPU
		{0490ECBF-3100-4973-8282-486389B799EE}.Debug|Any CPU.ActiveCfg = Debug|x64
		{0490ECBF-3100-4973-8282-486389B799EE}.Debug|Any CPU.Build.0 = Debug|x64
		{0490ECBF-3100-4973-8282-486389B799EE}.Debug|x64.ActiveCfg = Debug|x64
		{0490ECBF-3100-4973-8282-486389B799EE}.Debug|x64.Build.0 = Debug|x64
		{0490ECBF-3100-4973-8282-486389B799EE}.Debug|x86.ActiveCfg = Debug|Any CPU
		{0490ECBF-3100-4973-8282-486389B799EE}.Debug|x86.Build.0 = Debug|Any CPU
		{0490ECBF-3100-4973-8282-486389B799EE}.Release|Any CPU.ActiveCfg = Release|Any CPU
		{0490ECBF-3100-4973-8282-486389B799EE}.Release|Any CPU.Build.0 = Release|Any CPU
		{0490ECBF-3100-4973-8282-486389B799EE}.Release|x64.ActiveCfg = Release|Any CPU
		{0490ECBF-3100-4973-8282-486389B799EE}.Release|x64.Build.0 = Release|Any CPU
		{0490ECBF-3100-4973-8282-486389B799EE}.Release|x86.ActiveCfg = Release|Any CPU
		{0490ECBF-3100-4973-8282-486389B799EE}.Release|x86.Build.0 = Release|Any CPU
	EndGlobalSection
	GlobalSection(SolutionProperties) = preSolution
		HideSolutionNode = FALSE
	EndGlobalSection
	GlobalSection(NestedProjects) = preSolution
		{0490ECBF-3100-4973-8282-486389B799EE} = {3DA40AB6-045C-4ECA-AACA-FDD295C70143}
	EndGlobalSection
EndGlobal
