
Microsoft Visual Studio Solution File, Format Version 12.00
# Visual Studio Version 17
VisualStudioVersion = 17.12.35707.178
MinimumVisualStudioVersion = 10.0.40219.1
Project("{2150E333-8FDC-42A3-9474-1A3956D46DE8}") = "Helpers", "Helpers", "{3DA40AB6-045C-4ECA-AACA-FDD295C70143}"
EndProject
Project("{FAE04EC0-301F-11D3-BF4B-00C04F79EFBC}") = "IMGUIFontAtlasGen", "IMGUIFontAtlasGen\IMGUIFontAtlasGen.csproj", "{0490ECBF-3100-4973-8282-486389B799EE}"
EndProject
Project("{FAE04EC0-301F-11D3-BF4B-00C04F79EFBC}") = "SimpleRHI", "SimpleRHI\SimpleRHI.csproj", "{C19852E1-18EE-E8F4-5C51-39252EC9F7EB}"
EndProject
Project("{FAE04EC0-301F-11D3-BF4B-00C04F79EFBC}") = "SimpleRHI.D3D12", "SimpleRHI.D3D12\SimpleRHI.D3D12.csproj", "{98E505D9-3A48-6E8B-C20B-61ED15A07560}"
EndProject
Project("{FAE04EC0-301F-11D3-BF4B-00C04F79EFBC}") = "SimpleLib", "SimpleLib\SimpleLib.csproj", "{75A809D4-E340-B928-144D-FE0C7CA58072}"
EndProject
Project("{FAE04EC0-301F-11D3-BF4B-00C04F79EFBC}") = "SimpleEditor", "SimpleEditor\SimpleEditor.csproj", "{1982311C-8501-F866-38C1-CF75D384A28A}"
EndProject
Global
	GlobalSection(SolutionConfigurationPlatforms) = preSolution
		Debug|x64 = Debug|x64
		Release|x64 = Release|x64
	EndGlobalSection
	GlobalSection(ProjectConfigurationPlatforms) = postSolution
		{0490ECBF-3100-4973-8282-486389B799EE}.Debug|x64.ActiveCfg = Debug|x64
		{0490ECBF-3100-4973-8282-486389B799EE}.Debug|x64.Build.0 = Debug|x64
		{0490ECBF-3100-4973-8282-486389B799EE}.Release|x64.ActiveCfg = Release|x64
		{0490ECBF-3100-4973-8282-486389B799EE}.Release|x64.Build.0 = Release|x64
		{C19852E1-18EE-E8F4-5C51-39252EC9F7EB}.Debug|x64.ActiveCfg = Debug|x64
		{C19852E1-18EE-E8F4-5C51-39252EC9F7EB}.Debug|x64.Build.0 = Debug|x64
		{C19852E1-18EE-E8F4-5C51-39252EC9F7EB}.Release|x64.ActiveCfg = Release|x64
		{C19852E1-18EE-E8F4-5C51-39252EC9F7EB}.Release|x64.Build.0 = Release|x64
		{98E505D9-3A48-6E8B-C20B-61ED15A07560}.Debug|x64.ActiveCfg = Debug|x64
		{98E505D9-3A48-6E8B-C20B-61ED15A07560}.Debug|x64.Build.0 = Debug|x64
		{98E505D9-3A48-6E8B-C20B-61ED15A07560}.Release|x64.ActiveCfg = Release|x64
		{98E505D9-3A48-6E8B-C20B-61ED15A07560}.Release|x64.Build.0 = Release|x64
		{75A809D4-E340-B928-144D-FE0C7CA58072}.Debug|x64.ActiveCfg = Debug|x64
		{75A809D4-E340-B928-144D-FE0C7CA58072}.Debug|x64.Build.0 = Debug|x64
		{75A809D4-E340-B928-144D-FE0C7CA58072}.Release|x64.ActiveCfg = Release|x64
		{75A809D4-E340-B928-144D-FE0C7CA58072}.Release|x64.Build.0 = Release|x64
		{1982311C-8501-F866-38C1-CF75D384A28A}.Debug|x64.ActiveCfg = Debug|x64
		{1982311C-8501-F866-38C1-CF75D384A28A}.Debug|x64.Build.0 = Debug|x64
		{1982311C-8501-F866-38C1-CF75D384A28A}.Release|x64.ActiveCfg = Release|x64
		{1982311C-8501-F866-38C1-CF75D384A28A}.Release|x64.Build.0 = Release|x64
	EndGlobalSection
	GlobalSection(SolutionProperties) = preSolution
		HideSolutionNode = FALSE
	EndGlobalSection
	GlobalSection(NestedProjects) = preSolution
		{0490ECBF-3100-4973-8282-486389B799EE} = {3DA40AB6-045C-4ECA-AACA-FDD295C70143}
	EndGlobalSection
	GlobalSection(ExtensibilityGlobals) = postSolution
		SolutionGuid = {16B6C219-0628-4C2A-9296-DB282B84000B}
	EndGlobalSection
EndGlobal
